
Microsoft Visual Studio Solution File, Format Version 12.00
# Visual Studio 15
VisualStudioVersion = 15.0.28010.2050
MinimumVisualStudioVersion = 10.0.40219.1
Project("{FAE04EC0-301F-11D3-BF4B-00C04F79EFBC}") = "prueba", "prueba\prueba.csproj", "{482D2D06-AD14-4F13-A814-482DBD95F5F7}"
EndProject
Global
	GlobalSection(SolutionConfigurationPlatforms) = preSolution
		Debug|Any CPU = Debug|Any CPU
		Release|Any CPU = Release|Any CPU
	EndGlobalSection
	GlobalSection(ProjectConfigurationPlatforms) = postSolution
		{482D2D06-AD14-4F13-A814-482DBD95F5F7}.Debug|Any CPU.ActiveCfg = Debug|Any CPU
		{482D2D06-AD14-4F13-A814-482DBD95F5F7}.Debug|Any CPU.Build.0 = Debug|Any CPU
		{482D2D06-AD14-4F13-A814-482DBD95F5F7}.Release|Any CPU.ActiveCfg = Release|Any CPU
		{482D2D06-AD14-4F13-A814-482DBD95F5F7}.Release|Any CPU.Build.0 = Release|Any CPU
	EndGlobalSection
	GlobalSection(SolutionProperties) = preSolution
		HideSolutionNode = FALSE
	EndGlobalSection
	GlobalSection(ExtensibilityGlobals) = postSolution
		SolutionGuid = {7A853157-C189-4F64-B8D5-D4C7BF9C6164}
	EndGlobalSection
EndGlobal
